
Microsoft Visual Studio Solution File, Format Version 12.00
# Visual Studio Version 17
VisualStudioVersion = 17.10.35004.147
MinimumVisualStudioVersion = 10.0.40219.1
Project("{FAE04EC0-301F-11D3-BF4B-00C04F79EFBC}") = "WordNET_Server_2.0", "WordNET_Server_2.0.csproj", "{DB2597B0-C5BE-46B4-9CE6-2F43FCBE3EBB}"
EndProject
Global
	GlobalSection(SolutionConfigurationPlatforms) = preSolution
		Debug|Any CPU = Debug|Any CPU
		Release|Any CPU = Release|Any CPU
	EndGlobalSection
	GlobalSection(ProjectConfigurationPlatforms) = postSolution
		{DB2597B0-C5BE-46B4-9CE6-2F43FCBE3EBB}.Debug|Any CPU.ActiveCfg = Debug|Any CPU
		{DB2597B0-C5BE-46B4-9CE6-2F43FCBE3EBB}.Debug|Any CPU.Build.0 = Debug|Any CPU
		{DB2597B0-C5BE-46B4-9CE6-2F43FCBE3EBB}.Release|Any CPU.ActiveCfg = Release|Any CPU
		{DB2597B0-C5BE-46B4-9CE6-2F43FCBE3EBB}.Release|Any CPU.Build.0 = Release|Any CPU
	EndGlobalSection
	GlobalSection(SolutionProperties) = preSolution
		HideSolutionNode = FALSE
	EndGlobalSection
	GlobalSection(ExtensibilityGlobals) = postSolution
		SolutionGuid = {06C63C9A-AFCD-40E6-B349-B8317482912B}
	EndGlobalSection
EndGlobal
